// !$*UTF8*$!
{
	archiveVersion = 1;
	classes = {
	};
	objectVersion = 50;
	objects = {

/* Begin PBXBuildFile section */
		AD3BBB1625D1653200DA6F4E /* okashi1.jpg in Resources */ = {isa = PBXBuildFile; fileRef = AD3BBB1525D1653200DA6F4E /* okashi1.jpg */; };
		AD3BBB1925D1653D00DA6F4E /* okashi2.jpg in Resources */ = {isa = PBXBuildFile; fileRef = AD3BBB1825D1653C00DA6F4E /* okashi2.jpg */; };
		AD3BBB1C25D1654400DA6F4E /* okashi3.jpg in Resources */ = {isa = PBXBuildFile; fileRef = AD3BBB1B25D1654400DA6F4E /* okashi3.jpg */; };
		ADD5392B25CD066F00F894DE /* AppDelegate.swift in Sources */ = {isa = PBXBuildFile; fileRef = ADD5392A25CD066F00F894DE /* AppDelegate.swift */; };
		ADD5392D25CD066F00F894DE /* SceneDelegate.swift in Sources */ = {isa = PBXBuildFile; fileRef = ADD5392C25CD066F00F894DE /* SceneDelegate.swift */; };
		ADD5392F25CD066F00F894DE /* ViewController.swift in Sources */ = {isa = PBXBuildFile; fileRef = ADD5392E25CD066F00F894DE /* ViewController.swift */; };
		ADD5393225CD066F00F894DE /* Main.storyboard in Resources */ = {isa = PBXBuildFile; fileRef = ADD5393025CD066F00F894DE /* Main.storyboard */; };
		ADD5393425CD067100F894DE /* Assets.xcassets in Resources */ = {isa = PBXBuildFile; fileRef = ADD5393325CD067100F894DE /* Assets.xcassets */; };
		ADD5394025CD078200F894DE /* WidViewController.swift in Sources */ = {isa = PBXBuildFile; fileRef = ADD5393F25CD078200F894DE /* WidViewController.swift */; };
/* End PBXBuildFile section */

/* Begin PBXFileReference section */
		AD3BBB1525D1653200DA6F4E /* okashi1.jpg */ = {isa = PBXFileReference; lastKnownFileType = image.jpeg; path = okashi1.jpg; sourceTree = "<group>"; };
		AD3BBB1825D1653C00DA6F4E /* okashi2.jpg */ = {isa = PBXFileReference; lastKnownFileType = image.jpeg; path = okashi2.jpg; sourceTree = "<group>"; };
		AD3BBB1B25D1654400DA6F4E /* okashi3.jpg */ = {isa = PBXFileReference; lastKnownFileType = image.jpeg; path = okashi3.jpg; sourceTree = "<group>"; };
		ADD5392725CD066F00F894DE /* SlideshowApp.app */ = {isa = PBXFileReference; explicitFileType = wrapper.application; includeInIndex = 0; path = SlideshowApp.app; sourceTree = BUILT_PRODUCTS_DIR; };
		ADD5392A25CD066F00F894DE /* AppDelegate.swift */ = {isa = PBXFileReference; lastKnownFileType = sourcecode.swift; path = AppDelegate.swift; sourceTree = "<group>"; };
		ADD5392C25CD066F00F894DE /* SceneDelegate.swift */ = {isa = PBXFileReference; lastKnownFileType = sourcecode.swift; path = SceneDelegate.swift; sourceTree = "<group>"; };
		ADD5392E25CD066F00F894DE /* ViewController.swift */ = {isa = PBXFileReference; lastKnownFileType = sourcecode.swift; path = ViewController.swift; sourceTree = "<group>"; };
		ADD5393125CD066F00F894DE /* Base */ = {isa = PBXFileReference; lastKnownFileType = file.storyboard; name = Base; path = Base.lproj/Main.storyboard; sourceTree = "<group>"; };
		ADD5393325CD067100F894DE /* Assets.xcassets */ = {isa = PBXFileReference; lastKnownFileType = folder.assetcatalog; path = Assets.xcassets; sourceTree = "<group>"; };
		ADD5393825CD067100F894DE /* Info.plist */ = {isa = PBXFileReference; lastKnownFileType = text.plist.xml; path = Info.plist; sourceTree = "<group>"; };
		ADD5393F25CD078200F894DE /* WidViewController.swift */ = {isa = PBXFileReference; lastKnownFileType = sourcecode.swift; path = WidViewController.swift; sourceTree = "<group>"; };
/* End PBXFileReference section */

/* Begin PBXFrameworksBuildPhase section */
		ADD5392425CD066F00F894DE /* Frameworks */ = {
			isa = PBXFrameworksBuildPhase;
			buildActionMask = 2147483647;
			files = (
			);
			runOnlyForDeploymentPostprocessing = 0;
		};
/* End PBXFrameworksBuildPhase section */

/* Begin PBXGroup section */
		ADD5391E25CD066F00F894DE = {
			isa = PBXGroup;
			children = (
				ADD5392925CD066F00F894DE /* SlideshowApp */,
				ADD5392825CD066F00F894DE /* Products */,
			);
			sourceTree = "<group>";
		};
		ADD5392825CD066F00F894DE /* Products */ = {
			isa = PBXGroup;
			children = (
				ADD5392725CD066F00F894DE /* SlideshowApp.app */,
			);
			name = Products;
			sourceTree = "<group>";
		};
		ADD5392925CD066F00F894DE /* SlideshowApp */ = {
			isa = PBXGroup;
			children = (
				AD3BBB1525D1653200DA6F4E /* okashi1.jpg */,
				AD3BBB1825D1653C00DA6F4E /* okashi2.jpg */,
				AD3BBB1B25D1654400DA6F4E /* okashi3.jpg */,
				ADD5392A25CD066F00F894DE /* AppDelegate.swift */,
				ADD5392C25CD066F00F894DE /* SceneDelegate.swift */,
				ADD5392E25CD066F00F894DE /* ViewController.swift */,
				ADD5393F25CD078200F894DE /* WidViewController.swift */,
				ADD5393025CD066F00F894DE /* Main.storyboard */,
				ADD5393325CD067100F894DE /* Assets.xcassets */,
				ADD5393825CD067100F894DE /* Info.plist */,
			);
			path = SlideshowApp;
			sourceTree = "<group>";
		};
/* End PBXGroup section */

/* Begin PBXNativeTarget section */
		ADD5392625CD066F00F894DE /* SlideshowApp */ = {
			isa = PBXNativeTarget;
			buildConfigurationList = ADD5393B25CD067100F894DE /* Build configuration list for PBXNativeTarget "SlideshowApp" */;
			buildPhases = (
				ADD5392325CD066F00F894DE /* Sources */,
				ADD5392425CD066F00F894DE /* Frameworks */,
				ADD5392525CD066F00F894DE /* Resources */,
			);
			buildRules = (
			);
			dependencies = (
			);
			name = SlideshowApp;
			productName = SlideshowApp;
			productReference = ADD5392725CD066F00F894DE /* SlideshowApp.app */;
			productType = "com.apple.product-type.application";
		};
/* End PBXNativeTarget section */

/* Begin PBXProject section */
		ADD5391F25CD066F00F894DE /* Project object */ = {
			isa = PBXProject;
			attributes = {
				LastSwiftUpdateCheck = 1220;
				LastUpgradeCheck = 1220;
				TargetAttributes = {
					ADD5392625CD066F00F894DE = {
						CreatedOnToolsVersion = 12.2;
					};
				};
			};
			buildConfigurationList = ADD5392225CD066F00F894DE /* Build configuration list for PBXProject "SlideshowApp" */;
			compatibilityVersion = "Xcode 9.3";
			developmentRegion = en;
			hasScannedForEncodings = 0;
			knownRegions = (
				en,
				Base,
			);
			mainGroup = ADD5391E25CD066F00F894DE;
			productRefGroup = ADD5392825CD066F00F894DE /* Products */;
			projectDirPath = "";
			projectRoot = "";
			targets = (
				ADD5392625CD066F00F894DE /* SlideshowApp */,
			);
		};
/* End PBXProject section */

/* Begin PBXResourcesBuildPhase section */
		ADD5392525CD066F00F894DE /* Resources */ = {
			isa = PBXResourcesBuildPhase;
			buildActionMask = 2147483647;
			files = (
				ADD5393425CD067100F894DE /* Assets.xcassets in Resources */,
				AD3BBB1625D1653200DA6F4E /* okashi1.jpg in Resources */,
				AD3BBB1925D1653D00DA6F4E /* okashi2.jpg in Resources */,
				AD3BBB1C25D1654400DA6F4E /* okashi3.jpg in Resources */,
				ADD5393225CD066F00F894DE /* Main.storyboard in Resources */,
			);
			runOnlyForDeploymentPostprocessing = 0;
		};
/* End PBXResourcesBuildPhase section */

/* Begin PBXSourcesBuildPhase section */
		ADD5392325CD066F00F894DE /* Sources */ = {
			isa = PBXSourcesBuildPhase;
			buildActionMask = 2147483647;
			files = (
				ADD5392F25CD066F00F894DE /* ViewController.swift in Sources */,
				ADD5394025CD078200F894DE /* WidViewController.swift in Sources */,
				ADD5392B25CD066F00F894DE /* AppDelegate.swift in Sources */,
				ADD5392D25CD066F00F894DE /* SceneDelegate.swift in Sources */,
			);
			runOnlyForDeploymentPostprocessing = 0;
		};
/* End PBXSourcesBuildPhase section */

/* Begin PBXVariantGroup section */
		ADD5393025CD066F00F894DE /* Main.storyboard */ = {
			isa = PBXVariantGroup;
			children = (
				ADD5393125CD066F00F894DE /* Base */,
			);
			name = Main.storyboard;
			sourceTree = "<group>";
		};
/* End PBXVariantGroup section */

/* Begin XCBuildConfiguration section */
		ADD5393925CD067100F894DE /* Debug */ = {
			isa = XCBuildConfiguration;
			buildSettings = {
				ALWAYS_SEARCH_USER_PATHS = NO;
				CLANG_ANALYZER_NONNULL = YES;
				CLANG_ANALYZER_NUMBER_OBJECT_CONVERSION = YES_AGGRESSIVE;
				CLANG_CXX_LANGUAGE_STANDARD = "gnu++14";
				CLANG_CXX_LIBRARY = "libc++";
				CLANG_ENABLE_MODULES = YES;
				CLANG_ENABLE_OBJC_ARC = YES;
				CLANG_ENABLE_OBJC_WEAK = YES;
				CLANG_WARN_BLOCK_CAPTURE_AUTORELEASING = YES;
				CLANG_WARN_BOOL_CONVERSION = YES;
				CLANG_WARN_COMMA = YES;
				CLANG_WARN_CONSTANT_CONVERSION = YES;
				CLANG_WARN_DEPRECATED_OBJC_IMPLEMENTATIONS = YES;
				CLANG_WARN_DIRECT_OBJC_ISA_USAGE = YES_ERROR;
				CLANG_WARN_DOCUMENTATION_COMMENTS = YES;
				CLANG_WARN_EMPTY_BODY = YES;
				CLANG_WARN_ENUM_CONVERSION = YES;
				CLANG_WARN_INFINITE_RECURSION = YES;
				CLANG_WARN_INT_CONVERSION = YES;
				CLANG_WARN_NON_LITERAL_NULL_CONVERSION = YES;
				CLANG_WARN_OBJC_IMPLICIT_RETAIN_SELF = YES;
				CLANG_WARN_OBJC_LITERAL_CONVERSION = YES;
				CLANG_WARN_OBJC_ROOT_CLASS = YES_ERROR;
				CLANG_WARN_QUOTED_INCLUDE_IN_FRAMEWORK_HEADER = YES;
				CLANG_WARN_RANGE_LOOP_ANALYSIS = YES;
				CLANG_WARN_STRICT_PROTOTYPES = YES;
				CLANG_WARN_SUSPICIOUS_MOVE = YES;
				CLANG_WARN_UNGUARDED_AVAILABILITY = YES_AGGRESSIVE;
				CLANG_WARN_UNREACHABLE_CODE = YES;
				CLANG_WARN__DUPLICATE_METHOD_MATCH = YES;
				COPY_PHASE_STRIP = NO;
				DEBUG_INFORMATION_FORMAT = dwarf;
				ENABLE_STRICT_OBJC_MSGSEND = YES;
				ENABLE_TESTABILITY = YES;
				GCC_C_LANGUAGE_STANDARD = gnu11;
				GCC_DYNAMIC_NO_PIC = NO;
				GCC_NO_COMMON_BLOCKS = YES;
				GCC_OPTIMIZATION_LEVEL = 0;
				GCC_PREPROCESSOR_DEFINITIONS = (
					"DEBUG=1",
					"$(inherited)",
				);
				GCC_WARN_64_TO_32_BIT_CONVERSION = YES;
				GCC_WARN_ABOUT_RETURN_TYPE = YES_ERROR;
				GCC_WARN_UNDECLARED_SELECTOR = YES;
				GCC_WARN_UNINITIALIZED_AUTOS = YES_AGGRESSIVE;
				GCC_WARN_UNUSED_FUNCTION = YES;
				GCC_WARN_UNUSED_VARIABLE = YES;
				IPHONEOS_DEPLOYMENT_TARGET = 14.2;
				MTL_ENABLE_DEBUG_INFO = INCLUDE_SOURCE;
				MTL_FAST_MATH = YES;
				ONLY_ACTIVE_ARCH = YES;
				SDKROOT = iphoneos;
				SWIFT_ACTIVE_COMPILATION_CONDITIONS = DEBUG;
				SWIFT_OPTIMIZATION_LEVEL = "-Onone";
			};
			name = Debug;
		};
		ADD5393A25CD067100F894DE /* Release */ = {
			isa = XCBuildConfiguration;
			buildSettings = {
				ALWAYS_SEARCH_USER_PATHS = NO;
				CLANG_ANALYZER_NONNULL = YES;
				CLANG_ANALYZER_NUMBER_OBJECT_CONVERSION = YES_AGGRESSIVE;
				CLANG_CXX_LANGUAGE_STANDARD = "gnu++14";
				CLANG_CXX_LIBRARY = "libc++";
				CLANG_ENABLE_MODULES = YES;
				CLANG_ENABLE_OBJC_ARC = YES;
				CLANG_ENABLE_OBJC_WEAK = YES;
				CLANG_WARN_BLOCK_CAPTURE_AUTORELEASING = YES;
				CLANG_WARN_BOOL_CONVERSION = YES;
				CLANG_WARN_COMMA = YES;
				CLANG_WARN_CONSTANT_CONVERSION = YES;
				CLANG_WARN_DEPRECATED_OBJC_IMPLEMENTATIONS = YES;
				CLANG_WARN_DIRECT_OBJC_ISA_USAGE = YES_ERROR;
				CLANG_WARN_DOCUMENTATION_COMMENTS = YES;
				CLANG_WARN_EMPTY_BODY = YES;
				CLANG_WARN_ENUM_CONVERSION = YES;
				CLANG_WARN_INFINITE_RECURSION = YES;
				CLANG_WARN_INT_CONVERSION = YES;
				CLANG_WARN_NON_LITERAL_NULL_CONVERSION = YES;
				CLANG_WARN_OBJC_IMPLICIT_RETAIN_SELF = YES;
				CLANG_WARN_OBJC_LITERAL_CONVERSION = YES;
				CLANG_WARN_OBJC_ROOT_CLASS = YES_ERROR;
				CLANG_WARN_QUOTED_INCLUDE_IN_FRAMEWORK_HEADER = YES;
				CLANG_WARN_RANGE_LOOP_ANALYSIS = YES;
				CLANG_WARN_STRICT_PROTOTYPES = YES;
				CLANG_WARN_SUSPICIOUS_MOVE = YES;
				CLANG_WARN_UNGUARDED_AVAILABILITY = YES_AGGRESSIVE;
				CLANG_WARN_UNREACHABLE_CODE = YES;
				CLANG_WARN__DUPLICATE_METHOD_MATCH = YES;
				COPY_PHASE_STRIP = NO;
				DEBUG_INFORMATION_FORMAT = "dwarf-with-dsym";
				ENABLE_NS_ASSERTIONS = NO;
				ENABLE_STRICT_OBJC_MSGSEND = YES;
				GCC_C_LANGUAGE_STANDARD = gnu11;
				GCC_NO_COMMON_BLOCKS = YES;
				GCC_WARN_64_TO_32_BIT_CONVERSION = YES;
				GCC_WARN_ABOUT_RETURN_TYPE = YES_ERROR;
				GCC_WARN_UNDECLARED_SELECTOR = YES;
				GCC_WARN_UNINITIALIZED_AUTOS = YES_AGGRESSIVE;
				GCC_WARN_UNUSED_FUNCTION = YES;
				GCC_WARN_UNUSED_VARIABLE = YES;
				IPHONEOS_DEPLOYMENT_TARGET = 14.2;
				MTL_ENABLE_DEBUG_INFO = NO;
				MTL_FAST_MATH = YES;
				SDKROOT = iphoneos;
				SWIFT_COMPILATION_MODE = wholemodule;
				SWIFT_OPTIMIZATION_LEVEL = "-O";
				VALIDATE_PRODUCT = YES;
			};
			name = Release;
		};
		ADD5393C25CD067100F894DE /* Debug */ = {
			isa = XCBuildConfiguration;
			buildSettings = {
				ASSETCATALOG_COMPILER_APPICON_NAME = AppIcon;
				ASSETCATALOG_COMPILER_GLOBAL_ACCENT_COLOR_NAME = AccentColor;
				CODE_SIGN_STYLE = Automatic;
				INFOPLIST_FILE = SlideshowApp/Info.plist;
				LD_RUNPATH_SEARCH_PATHS = (
					"$(inherited)",
					"@executable_path/Frameworks",
				);
				PRODUCT_BUNDLE_IDENTIFIER = jp.techacademy.taro.kirameki.SlideshowApp;
				PRODUCT_NAME = "$(TARGET_NAME)";
				SWIFT_VERSION = 5.0;
				TARGETED_DEVICE_FAMILY = "1,2";
			};
			name = Debug;
		};
		ADD5393D25CD067100F894DE /* Release */ = {
			isa = XCBuildConfiguration;
			buildSettings = {
				ASSETCATALOG_COMPILER_APPICON_NAME = AppIcon;
				ASSETCATALOG_COMPILER_GLOBAL_ACCENT_COLOR_NAME = AccentColor;
				CODE_SIGN_STYLE = Automatic;
				INFOPLIST_FILE = SlideshowApp/Info.plist;
				LD_RUNPATH_SEARCH_PATHS = (
					"$(inherited)",
					"@executable_path/Frameworks",
				);
				PRODUCT_BUNDLE_IDENTIFIER = jp.techacademy.taro.kirameki.SlideshowApp;
				PRODUCT_NAME = "$(TARGET_NAME)";
				SWIFT_VERSION = 5.0;
				TARGETED_DEVICE_FAMILY = "1,2";
			};
			name = Release;
		};
/* End XCBuildConfiguration section */

/* Begin XCConfigurationList section */
		ADD5392225CD066F00F894DE /* Build configuration list for PBXProject "SlideshowApp" */ = {
			isa = XCConfigurationList;
			buildConfigurations = (
				ADD5393925CD067100F894DE /* Debug */,
				ADD5393A25CD067100F894DE /* Release */,
			);
			defaultConfigurationIsVisible = 0;
			defaultConfigurationName = Release;
		};
		ADD5393B25CD067100F894DE /* Build configuration list for PBXNativeTarget "SlideshowApp" */ = {
			isa = XCConfigurationList;
			buildConfigurations = (
				ADD5393C25CD067100F894DE /* Debug */,
				ADD5393D25CD067100F894DE /* Release */,
			);
			defaultConfigurationIsVisible = 0;
			defaultConfigurationName = Release;
		};
/* End XCConfigurationList section */
	};
	rootObject = ADD5391F25CD066F00F894DE /* Project object */;
}
